
Microsoft Visual Studio Solution File, Format Version 12.00
# Visual Studio Version 17
VisualStudioVersion = 17.10.34916.146
MinimumVisualStudioVersion = 10.0.40219.1
Project("{FAE04EC0-301F-11D3-BF4B-00C04F79EFBC}") = "OnlineHelpDesk", "OnlineHelpDesk\OnlineHelpDesk.csproj", "{1F123D4D-E10A-495B-BC35-373450B2036B}"
EndProject
Global
	GlobalSection(SolutionConfigurationPlatforms) = preSolution
		Debug|Any CPU = Debug|Any CPU
		Release|Any CPU = Release|Any CPU
	EndGlobalSection
	GlobalSection(ProjectConfigurationPlatforms) = postSolution
		{1F123D4D-E10A-495B-BC35-373450B2036B}.Debug|Any CPU.ActiveCfg = Debug|Any CPU
		{1F123D4D-E10A-495B-BC35-373450B2036B}.Debug|Any CPU.Build.0 = Debug|Any CPU
		{1F123D4D-E10A-495B-BC35-373450B2036B}.Release|Any CPU.ActiveCfg = Release|Any CPU
		{1F123D4D-E10A-495B-BC35-373450B2036B}.Release|Any CPU.Build.0 = Release|Any CPU
	EndGlobalSection
	GlobalSection(SolutionProperties) = preSolution
		HideSolutionNode = FALSE
	EndGlobalSection
	GlobalSection(ExtensibilityGlobals) = postSolution
		SolutionGuid = {E61CD89C-6B70-4DE5-BD2C-EE2CEB29490A}
	EndGlobalSection
EndGlobal
