
Microsoft Visual Studio Solution File, Format Version 12.00
# Visual Studio Version 17
VisualStudioVersion = 17.11.35312.102
MinimumVisualStudioVersion = 10.0.40219.1
Project("{FAE04EC0-301F-11D3-BF4B-00C04F79EFBC}") = "OHD_API", "OHD_API\OHD_API.csproj", "{166BF80A-3550-4AB3-8505-0D057AA73C8C}"
EndProject
Global
	GlobalSection(SolutionConfigurationPlatforms) = preSolution
		Debug|Any CPU = Debug|Any CPU
		Release|Any CPU = Release|Any CPU
	EndGlobalSection
	GlobalSection(ProjectConfigurationPlatforms) = postSolution
		{166BF80A-3550-4AB3-8505-0D057AA73C8C}.Debug|Any CPU.ActiveCfg = Debug|Any CPU
		{166BF80A-3550-4AB3-8505-0D057AA73C8C}.Debug|Any CPU.Build.0 = Debug|Any CPU
		{166BF80A-3550-4AB3-8505-0D057AA73C8C}.Release|Any CPU.ActiveCfg = Release|Any CPU
		{166BF80A-3550-4AB3-8505-0D057AA73C8C}.Release|Any CPU.Build.0 = Release|Any CPU
	EndGlobalSection
	GlobalSection(SolutionProperties) = preSolution
		HideSolutionNode = FALSE
	EndGlobalSection
	GlobalSection(ExtensibilityGlobals) = postSolution
		SolutionGuid = {87A16F2A-6D4C-43DF-82C4-367E20F0FCF6}
	EndGlobalSection
EndGlobal
